
Microsoft Visual Studio Solution File, Format Version 12.00
# Visual Studio Version 17
VisualStudioVersion = 17.5.33530.505
MinimumVisualStudioVersion = 10.0.40219.1
Project("{FAE04EC0-301F-11D3-BF4B-00C04F79EFBC}") = "XOGame", "XOGame.csproj", "{5EA21628-5D10-4E59-8B78-3088AAF324CA}"
EndProject
Global
	GlobalSection(SolutionConfigurationPlatforms) = preSolution
		Debug|Any CPU = Debug|Any CPU
		Release|Any CPU = Release|Any CPU
	EndGlobalSection
	GlobalSection(ProjectConfigurationPlatforms) = postSolution
		{5EA21628-5D10-4E59-8B78-3088AAF324CA}.Debug|Any CPU.ActiveCfg = Debug|Any CPU
		{5EA21628-5D10-4E59-8B78-3088AAF324CA}.Debug|Any CPU.Build.0 = Debug|Any CPU
		{5EA21628-5D10-4E59-8B78-3088AAF324CA}.Release|Any CPU.ActiveCfg = Release|Any CPU
		{5EA21628-5D10-4E59-8B78-3088AAF324CA}.Release|Any CPU.Build.0 = Release|Any CPU
	EndGlobalSection
	GlobalSection(SolutionProperties) = preSolution
		HideSolutionNode = FALSE
	EndGlobalSection
	GlobalSection(ExtensibilityGlobals) = postSolution
		SolutionGuid = {6AB632A6-AF9E-45E9-BED2-0FBE3250AD50}
	EndGlobalSection
EndGlobal
